// !$*UTF8*$!
{
	archiveVersion = 1;
	classes = {
	};
	objectVersion = 56;
	objects = {

/* Begin PBXBuildFile section */
		1E4B9C810D7BF0E33A9BA04B /* OnboardingCoordinator.swift in Sources */ = {isa = PBXBuildFile; fileRef = ACA2C55AD17A0BBE19CE99AD /* OnboardingCoordinator.swift */; };
		292F7496F3240B0562708EBF /* PersonalityBuilderView.swift in Sources */ = {isa = PBXBuildFile; fileRef = 0E5716A41FBAB3167741473B /* PersonalityBuilderView.swift */; };
		2AAE93AC1B00CF9E2DCD0995 /* PetmojiApp.swift in Sources */ = {isa = PBXBuildFile; fileRef = D73DA20062A61BDF056EB316 /* PetmojiApp.swift */; };
		526CC3FE8A4289E7F59AE1CE /* ExpressionRevealView.swift in Sources */ = {isa = PBXBuildFile; fileRef = C20EA9149132A07577D917D1 /* ExpressionRevealView.swift */; };
		581FA577A3522618713A071D /* SettingsView.swift in Sources */ = {isa = PBXBuildFile; fileRef = D02CECE79D4F8ADD0DC8CA1B /* SettingsView.swift */; };
		78A053739147FE7EDE5153B9 /* Pet.swift in Sources */ = {isa = PBXBuildFile; fileRef = ECAC105A00465289B0DF46CE /* Pet.swift */; };
		7D312BA6B6A9B8BC85C1F901 /* PetWidgetProvider.swift in Sources */ = {isa = PBXBuildFile; fileRef = 669896C69E8CFCACFFF8B2E1 /* PetWidgetProvider.swift */; };
		7DBB2DE5757F2983C69CE3ED /* Supabase in Frameworks */ = {isa = PBXBuildFile; productRef = 86C7DF1934A3B2403C541D2F /* Supabase */; };
		8617F40FBB65DE442E7DD41E /* PetHomeView.swift in Sources */ = {isa = PBXBuildFile; fileRef = BE4275124830FEE1D8B137A8 /* PetHomeView.swift */; };
		8F5FFD67DE463FB07BBB57A1 /* PhotoPickerView.swift in Sources */ = {isa = PBXBuildFile; fileRef = 5DDE954FC301ECD9DB480C00 /* PhotoPickerView.swift */; };
		9E547404C5B2A052DE973A3C /* PetMessage.swift in Sources */ = {isa = PBXBuildFile; fileRef = 61537A9A8A5859B5B4E18091 /* PetMessage.swift */; };
		9F07B7062E4568E933AF2782 /* PetWidget.swift in Sources */ = {isa = PBXBuildFile; fileRef = 5A15910A3F2DE89F9825DAF8 /* PetWidget.swift */; };
		A1B2C3D52F9E8D7C006EDD01 /* AppearanceSettings.swift in Sources */ = {isa = PBXBuildFile; fileRef = A1B2C3D32F9E8D7C006EDD01 /* AppearanceSettings.swift */; };
		AB81F69F2C59C7BBBF520714 /* SupabaseService.swift in Sources */ = {isa = PBXBuildFile; fileRef = 9C1681768AB9E46038876ECF /* SupabaseService.swift */; };
		C27BE570BDD95B90810F3FFF /* ClaudeService.swift in Sources */ = {isa = PBXBuildFile; fileRef = 26DB63C95E1A7663528035EC /* ClaudeService.swift */; };
		DACC0F73BE1E01340A6A9DA3 /* ContentView.swift in Sources */ = {isa = PBXBuildFile; fileRef = C9EFEE996E1C4B444F152178 /* ContentView.swift */; };
		DF1DBFC7F677BE13230E3B1D /* ChatView.swift in Sources */ = {isa = PBXBuildFile; fileRef = 2BB74AD025C1FF75210D44E4 /* ChatView.swift */; };
		E74153BBCA1873B6C411ADC6 /* DesignSystem.swift in Sources */ = {isa = PBXBuildFile; fileRef = E367B57172A90687CF9B9982 /* DesignSystem.swift */; };
		EBCAA8C98D86B2BDF29F0DD7 /* MessageScheduler.swift in Sources */ = {isa = PBXBuildFile; fileRef = B648FC808AC8BAEBB97A81A6 /* MessageScheduler.swift */; };
		ED2CAAD3DF80D855BC59D437 /* LocationService.swift in Sources */ = {isa = PBXBuildFile; fileRef = 9844B5416F8DE38FCA025428 /* LocationService.swift */; };
		EFF5B90AECAEC78FD9950367 /* PetWidgetEntryView.swift in Sources */ = {isa = PBXBuildFile; fileRef = 75B15C9F26B1590FEDD4031F /* PetWidgetEntryView.swift */; };
		F7ADCDD068A9FBAA205F6A92 /* Assets.xcassets in Resources */ = {isa = PBXBuildFile; fileRef = 05D7681EDDDE782F2D2CA814 /* Assets.xcassets */; };
		F7AEEFD22F9D451B006EDD07 /* tester_happy.png in Resources */ = {isa = PBXBuildFile; fileRef = F7AEEFD12F9D451B006EDD07 /* tester_happy.png */; };
		F7AEEFD42F9D4595006EDD07 /* tester_sleepy.png in Resources */ = {isa = PBXBuildFile; fileRef = F7AEEFD32F9D4595006EDD07 /* tester_sleepy.png */; };
		F7AEEFD62F9D459A006EDD07 /* tester_mad.png in Resources */ = {isa = PBXBuildFile; fileRef = F7AEEFD52F9D459A006EDD07 /* tester_mad.png */; };
		F7AEEFD82F9D459F006EDD07 /* tester_excited.png in Resources */ = {isa = PBXBuildFile; fileRef = F7AEEFD72F9D459F006EDD07 /* tester_excited.png */; };
		F7AEEFDA2F9D45A5006EDD07 /* tester_misses_you.png in Resources */ = {isa = PBXBuildFile; fileRef = F7AEEFD92F9D45A5006EDD07 /* tester_misses_you.png */; };
		F7AEEFDC2F9D45A8006EDD07 /* tester_judging.png in Resources */ = {isa = PBXBuildFile; fileRef = F7AEEFDB2F9D45A8006EDD07 /* tester_judging.png */; };
		F7AEF0242F9D58E9006EDD07 /* ChatHistoryStore.swift in Sources */ = {isa = PBXBuildFile; fileRef = F7AEF0232F9D58E9006EDD07 /* ChatHistoryStore.swift */; };
		F7AEF0412F9D5A01006EDD07 /* MockUserSettings.swift in Sources */ = {isa = PBXBuildFile; fileRef = F7AEF0402F9D5A01006EDD07 /* MockUserSettings.swift */; };
		F7AUTH012F9E8D7C006EDD01 /* AuthCoordinator.swift in Sources */ = {isa = PBXBuildFile; fileRef = F7AUTH002F9E8D7C006EDD01 /* AuthCoordinator.swift */; };
		F7AUTH022F9E8D7C006EDD01 /* SignInView.swift in Sources */ = {isa = PBXBuildFile; fileRef = F7AUTH032F9E8D7C006EDD01 /* SignInView.swift */; };
		F7BGONE012F9E8D7C006EDD01 /* BeenGoneBackgroundScheduler.swift in Sources */ = {isa = PBXBuildFile; fileRef = F7BGONE002F9E8D7C006EDD01 /* BeenGoneBackgroundScheduler.swift */; };
		F7BRAND012F9E8D7C006EDD01 /* BrandLandingView.swift in Sources */ = {isa = PBXBuildFile; fileRef = F7BRAND002F9E8D7C006EDD01 /* BrandLandingView.swift */; };
		F7DEBUG012F9E8D7C006EDD01 /* DebugLaunchArgs.swift in Sources */ = {isa = PBXBuildFile; fileRef = F7DEBUG002F9E8D7C006EDD01 /* DebugLaunchArgs.swift */; };
		F7DELIV012F9E8D7C006EDD01 /* PetMessageDelivery.swift in Sources */ = {isa = PBXBuildFile; fileRef = F7DELIV002F9E8D7C006EDD01 /* PetMessageDelivery.swift */; };
		F7E8D902234567890ABCDEF /* WidgetSnapshotSync.swift in Sources */ = {isa = PBXBuildFile; fileRef = F7E8D901234567890ABCDEF /* WidgetSnapshotSync.swift */; };
		F7E8D903234567890ABCDEF /* PetmojiWidget.appex in Embed Foundation Extensions */ = {isa = PBXBuildFile; fileRef = 0BCC364089E9E0E371180AB5 /* PetmojiWidget.appex */; settings = {ATTRIBUTES = (RemoveHeadersOnCopy, ); }; };
		F7HOMELO022F9E8D7C006EDD01 /* HomeLocationSetupView.swift in Sources */ = {isa = PBXBuildFile; fileRef = F7HOMELO012F9E8D7C006EDD01 /* HomeLocationSetupView.swift */; };
		F7LOCNOT022F9E8D7C006EDD01 /* LocationNotificationDemoMockup.swift in Sources */ = {isa = PBXBuildFile; fileRef = F7LOCNOT012F9E8D7C006EDD01 /* LocationNotificationDemoMockup.swift */; };
		F7ODFT012F9E8D7C006EDD01 /* OnboardingDraftStore.swift in Sources */ = {isa = PBXBuildFile; fileRef = F7ODFT002F9E8D7C006EDD01 /* OnboardingDraftStore.swift */; };
		F7ONVIDEO022F9E8D7C006EDD01 /* OnboardingLoopingVideoPlayer.swift in Sources */ = {isa = PBXBuildFile; fileRef = F7ONVIDEO012F9E8D7C006EDD01 /* OnboardingLoopingVideoPlayer.swift */; };
		F7OTP012F9E8D7C006EDD01 /* EmailOTPFieldView.swift in Sources */ = {isa = PBXBuildFile; fileRef = F7OTP002F9E8D7C006EDD01 /* EmailOTPFieldView.swift */; };
		F7PROF012F9E8D7C006EDD01 /* UserProfile.swift in Sources */ = {isa = PBXBuildFile; fileRef = F7PROF002F9E8D7C006EDD01 /* UserProfile.swift */; };
		F7SIGN012F9E8D7C006EDD01 /* SignUpCoordinator.swift in Sources */ = {isa = PBXBuildFile; fileRef = F7SIGN002F9E8D7C006EDD01 /* SignUpCoordinator.swift */; };
		F7SIGN022F9E8D7C006EDD01 /* SignUpDraft.swift in Sources */ = {isa = PBXBuildFile; fileRef = F7SIGN032F9E8D7C006EDD01 /* SignUpDraft.swift */; };
		F7SIGN062F9E8D7C006EDD01 /* SignUpStepView.swift in Sources */ = {isa = PBXBuildFile; fileRef = F7SIGN072F9E8D7C006EDD01 /* SignUpStepView.swift */; };
		F7WIDGET022F9E8D7C006EDD01 /* WidgetSetupView.swift in Sources */ = {isa = PBXBuildFile; fileRef = F7WIDGET012F9E8D7C006EDD01 /* WidgetSetupView.swift */; };
		F7WIDGET0V22F9E8D7C006EDD01 /* WidgetScreenDemo.mov in Resources */ = {isa = PBXBuildFile; fileRef = F7WIDGET0V12F9E8D7C006EDD01 /* WidgetScreenDemo.mov */; };
/* End PBXBuildFile section */

/* Begin PBXContainerItemProxy section */
		72CF2C2D23491FD621852281 /* PBXContainerItemProxy */ = {
			isa = PBXContainerItemProxy;
			containerPortal = 6544965FEAF9F83A0CDA28B6 /* Project object */;
			proxyType = 1;
			remoteGlobalIDString = BB5C7035C352B62C40A61F3F;
			remoteInfo = PetmojiWidget;
		};
/* End PBXContainerItemProxy section */

/* Begin PBXCopyFilesBuildPhase section */
		F7E8D904234567890ABCDEF /* Embed Foundation Extensions */ = {
			isa = PBXCopyFilesBuildPhase;
			buildActionMask = 2147483647;
			dstPath = "";
			dstSubfolderSpec = 13;
			files = (
				F7E8D903234567890ABCDEF /* PetmojiWidget.appex in Embed Foundation Extensions */,
			);
			name = "Embed Foundation Extensions";
			runOnlyForDeploymentPostprocessing = 0;
		};
/* End PBXCopyFilesBuildPhase section */

/* Begin PBXFileReference section */
		05D7681EDDDE782F2D2CA814 /* Assets.xcassets */ = {isa = PBXFileReference; lastKnownFileType = folder.assetcatalog; path = Assets.xcassets; sourceTree = "<group>"; };
		0BCC364089E9E0E371180AB5 /* PetmojiWidget.appex */ = {isa = PBXFileReference; explicitFileType = "wrapper.app-extension"; includeInIndex = 0; path = PetmojiWidget.appex; sourceTree = BUILT_PRODUCTS_DIR; };
		0E5716A41FBAB3167741473B /* PersonalityBuilderView.swift */ = {isa = PBXFileReference; lastKnownFileType = sourcecode.swift; path = PersonalityBuilderView.swift; sourceTree = "<group>"; };
		26DB63C95E1A7663528035EC /* ClaudeService.swift */ = {isa = PBXFileReference; lastKnownFileType = sourcecode.swift; path = ClaudeService.swift; sourceTree = "<group>"; };
		2BB74AD025C1FF75210D44E4 /* ChatView.swift */ = {isa = PBXFileReference; lastKnownFileType = sourcecode.swift; path = ChatView.swift; sourceTree = "<group>"; };
		2F719DC643756980426E8E8C /* Info.plist */ = {isa = PBXFileReference; lastKnownFileType = text.plist; path = Info.plist; sourceTree = "<group>"; };
		4149E38C7C0F63F299C2604D /* Info.plist */ = {isa = PBXFileReference; lastKnownFileType = text.plist; path = Info.plist; sourceTree = "<group>"; };
		5A15910A3F2DE89F9825DAF8 /* PetWidget.swift */ = {isa = PBXFileReference; lastKnownFileType = sourcecode.swift; path = PetWidget.swift; sourceTree = "<group>"; };
		5DDE954FC301ECD9DB480C00 /* PhotoPickerView.swift */ = {isa = PBXFileReference; lastKnownFileType = sourcecode.swift; path = PhotoPickerView.swift; sourceTree = "<group>"; };
		61537A9A8A5859B5B4E18091 /* PetMessage.swift */ = {isa = PBXFileReference; lastKnownFileType = sourcecode.swift; path = PetMessage.swift; sourceTree = "<group>"; };
		669896C69E8CFCACFFF8B2E1 /* PetWidgetProvider.swift */ = {isa = PBXFileReference; lastKnownFileType = sourcecode.swift; path = PetWidgetProvider.swift; sourceTree = "<group>"; };
		75B15C9F26B1590FEDD4031F /* PetWidgetEntryView.swift */ = {isa = PBXFileReference; lastKnownFileType = sourcecode.swift; path = PetWidgetEntryView.swift; sourceTree = "<group>"; };
		9844B5416F8DE38FCA025428 /* LocationService.swift */ = {isa = PBXFileReference; lastKnownFileType = sourcecode.swift; path = LocationService.swift; sourceTree = "<group>"; };
		9C1681768AB9E46038876ECF /* SupabaseService.swift */ = {isa = PBXFileReference; lastKnownFileType = sourcecode.swift; path = SupabaseService.swift; sourceTree = "<group>"; };
		A0EE906FD9A6976FFE99CD77 /* Petmoji.entitlements */ = {isa = PBXFileReference; lastKnownFileType = text.plist.entitlements; path = Petmoji.entitlements; sourceTree = "<group>"; };
		A1B2C3D32F9E8D7C006EDD01 /* AppearanceSettings.swift */ = {isa = PBXFileReference; lastKnownFileType = sourcecode.swift; path = AppearanceSettings.swift; sourceTree = "<group>"; };
		ACA2C55AD17A0BBE19CE99AD /* OnboardingCoordinator.swift */ = {isa = PBXFileReference; lastKnownFileType = sourcecode.swift; path = OnboardingCoordinator.swift; sourceTree = "<group>"; };
		B648FC808AC8BAEBB97A81A6 /* MessageScheduler.swift */ = {isa = PBXFileReference; lastKnownFileType = sourcecode.swift; path = MessageScheduler.swift; sourceTree = "<group>"; };
		BE4275124830FEE1D8B137A8 /* PetHomeView.swift */ = {isa = PBXFileReference; lastKnownFileType = sourcecode.swift; path = PetHomeView.swift; sourceTree = "<group>"; };
		C20EA9149132A07577D917D1 /* ExpressionRevealView.swift */ = {isa = PBXFileReference; lastKnownFileType = sourcecode.swift; path = ExpressionRevealView.swift; sourceTree = "<group>"; };
		C9EFEE996E1C4B444F152178 /* ContentView.swift */ = {isa = PBXFileReference; lastKnownFileType = sourcecode.swift; path = ContentView.swift; sourceTree = "<group>"; };
		CEE58751CCD8E8C6589EE39C /* PetmojiWidget.entitlements */ = {isa = PBXFileReference; lastKnownFileType = text.plist.entitlements; path = PetmojiWidget.entitlements; sourceTree = "<group>"; };
		D02CECE79D4F8ADD0DC8CA1B /* SettingsView.swift */ = {isa = PBXFileReference; lastKnownFileType = sourcecode.swift; path = SettingsView.swift; sourceTree = "<group>"; };
		D73DA20062A61BDF056EB316 /* PetmojiApp.swift */ = {isa = PBXFileReference; lastKnownFileType = sourcecode.swift; path = PetmojiApp.swift; sourceTree = "<group>"; };
		E2C31EB3D182749A40DD6A1F /* Petmoji.app */ = {isa = PBXFileReference; explicitFileType = wrapper.application; includeInIndex = 0; path = Petmoji.app; sourceTree = BUILT_PRODUCTS_DIR; };
		E367B57172A90687CF9B9982 /* DesignSystem.swift */ = {isa = PBXFileReference; lastKnownFileType = sourcecode.swift; path = DesignSystem.swift; sourceTree = "<group>"; };
		ECAC105A00465289B0DF46CE /* Pet.swift */ = {isa = PBXFileReference; lastKnownFileType = sourcecode.swift; path = Pet.swift; sourceTree = "<group>"; };
		F7AEEFD12F9D451B006EDD07 /* tester_happy.png */ = {isa = PBXFileReference; lastKnownFileType = image.png; path = tester_happy.png; sourceTree = "<group>"; };
		F7AEEFD32F9D4595006EDD07 /* tester_sleepy.png */ = {isa = PBXFileReference; lastKnownFileType = image.png; path = tester_sleepy.png; sourceTree = "<group>"; };
		F7AEEFD52F9D459A006EDD07 /* tester_mad.png */ = {isa = PBXFileReference; lastKnownFileType = image.png; path = tester_mad.png; sourceTree = "<group>"; };
		F7AEEFD72F9D459F006EDD07 /* tester_excited.png */ = {isa = PBXFileReference; lastKnownFileType = image.png; path = tester_excited.png; sourceTree = "<group>"; };
		F7AEEFD92F9D45A5006EDD07 /* tester_misses_you.png */ = {isa = PBXFileReference; lastKnownFileType = image.png; path = tester_misses_you.png; sourceTree = "<group>"; };
		F7AEEFDB2F9D45A8006EDD07 /* tester_judging.png */ = {isa = PBXFileReference; lastKnownFileType = image.png; path = tester_judging.png; sourceTree = "<group>"; };
		F7AEF0232F9D58E9006EDD07 /* ChatHistoryStore.swift */ = {isa = PBXFileReference; lastKnownFileType = sourcecode.swift; path = ChatHistoryStore.swift; sourceTree = "<group>"; };
		F7AEF0402F9D5A01006EDD07 /* MockUserSettings.swift */ = {isa = PBXFileReference; lastKnownFileType = sourcecode.swift; path = MockUserSettings.swift; sourceTree = "<group>"; };
		F7AUTH002F9E8D7C006EDD01 /* AuthCoordinator.swift */ = {isa = PBXFileReference; lastKnownFileType = sourcecode.swift; path = AuthCoordinator.swift; sourceTree = "<group>"; };
		F7AUTH032F9E8D7C006EDD01 /* SignInView.swift */ = {isa = PBXFileReference; lastKnownFileType = sourcecode.swift; path = SignInView.swift; sourceTree = "<group>"; };
		F7BGONE002F9E8D7C006EDD01 /* BeenGoneBackgroundScheduler.swift */ = {isa = PBXFileReference; lastKnownFileType = sourcecode.swift; path = BeenGoneBackgroundScheduler.swift; sourceTree = "<group>"; };
		F7BRAND002F9E8D7C006EDD01 /* BrandLandingView.swift */ = {isa = PBXFileReference; lastKnownFileType = sourcecode.swift; path = BrandLandingView.swift; sourceTree = "<group>"; };
		F7DEBUG002F9E8D7C006EDD01 /* DebugLaunchArgs.swift */ = {isa = PBXFileReference; lastKnownFileType = sourcecode.swift; path = DebugLaunchArgs.swift; sourceTree = "<group>"; };
		F7DELIV002F9E8D7C006EDD01 /* PetMessageDelivery.swift */ = {isa = PBXFileReference; lastKnownFileType = sourcecode.swift; path = PetMessageDelivery.swift; sourceTree = "<group>"; };
		F7E8D901234567890ABCDEF /* WidgetSnapshotSync.swift */ = {isa = PBXFileReference; lastKnownFileType = sourcecode.swift; path = WidgetSnapshotSync.swift; sourceTree = "<group>"; };
		F7HOMELO012F9E8D7C006EDD01 /* HomeLocationSetupView.swift */ = {isa = PBXFileReference; lastKnownFileType = sourcecode.swift; path = HomeLocationSetupView.swift; sourceTree = "<group>"; };
		F7LOCNOT012F9E8D7C006EDD01 /* LocationNotificationDemoMockup.swift */ = {isa = PBXFileReference; lastKnownFileType = sourcecode.swift; path = LocationNotificationDemoMockup.swift; sourceTree = "<group>"; };
		F7ODFT002F9E8D7C006EDD01 /* OnboardingDraftStore.swift */ = {isa = PBXFileReference; lastKnownFileType = sourcecode.swift; path = OnboardingDraftStore.swift; sourceTree = "<group>"; };
		F7ONVIDEO012F9E8D7C006EDD01 /* OnboardingLoopingVideoPlayer.swift */ = {isa = PBXFileReference; lastKnownFileType = sourcecode.swift; path = OnboardingLoopingVideoPlayer.swift; sourceTree = "<group>"; };
		F7OTP002F9E8D7C006EDD01 /* EmailOTPFieldView.swift */ = {isa = PBXFileReference; lastKnownFileType = sourcecode.swift; path = EmailOTPFieldView.swift; sourceTree = "<group>"; };
		F7PROF002F9E8D7C006EDD01 /* UserProfile.swift */ = {isa = PBXFileReference; lastKnownFileType = sourcecode.swift; path = UserProfile.swift; sourceTree = "<group>"; };
		F7SIGN002F9E8D7C006EDD01 /* SignUpCoordinator.swift */ = {isa = PBXFileReference; lastKnownFileType = sourcecode.swift; path = SignUpCoordinator.swift; sourceTree = "<group>"; };
		F7SIGN032F9E8D7C006EDD01 /* SignUpDraft.swift */ = {isa = PBXFileReference; lastKnownFileType = sourcecode.swift; path = SignUpDraft.swift; sourceTree = "<group>"; };
		F7SIGN072F9E8D7C006EDD01 /* SignUpStepView.swift */ = {isa = PBXFileReference; lastKnownFileType = sourcecode.swift; path = SignUpStepView.swift; sourceTree = "<group>"; };
		F7WIDGET012F9E8D7C006EDD01 /* WidgetSetupView.swift */ = {isa = PBXFileReference; lastKnownFileType = sourcecode.swift; path = WidgetSetupView.swift; sourceTree = "<group>"; };
		F7WIDGET0V12F9E8D7C006EDD01 /* WidgetScreenDemo.mov */ = {isa = PBXFileReference; lastKnownFileType = video.quicktime; path = WidgetScreenDemo.mov; sourceTree = "<group>"; };
/* End PBXFileReference section */

/* Begin PBXFrameworksBuildPhase section */
		24288802E9A2DEF04C8D734F /* Frameworks */ = {
			isa = PBXFrameworksBuildPhase;
			buildActionMask = 2147483647;
			files = (
			);
			runOnlyForDeploymentPostprocessing = 0;
		};
		6680AF45504FF35D4C18BA1B /* Frameworks */ = {
			isa = PBXFrameworksBuildPhase;
			buildActionMask = 2147483647;
			files = (
				7DBB2DE5757F2983C69CE3ED /* Supabase in Frameworks */,
			);
			runOnlyForDeploymentPostprocessing = 0;
		};
/* End PBXFrameworksBuildPhase section */

/* Begin PBXGroup section */
		230CC9C6105ED920CEA58721 /* Models */ = {
			isa = PBXGroup;
			children = (
				ECAC105A00465289B0DF46CE /* Pet.swift */,
				61537A9A8A5859B5B4E18091 /* PetMessage.swift */,
				F7PROF002F9E8D7C006EDD01 /* UserProfile.swift */,
			);
			path = Models;
			sourceTree = "<group>";
		};
		26FB5FFBE8B85089BE45B18F /* Widget */ = {
			isa = PBXGroup;
			children = (
			);
			path = Widget;
			sourceTree = "<group>";
		};
		27A41F408E50E8ADAD314F80 /* Onboarding */ = {
			isa = PBXGroup;
			children = (
				C20EA9149132A07577D917D1 /* ExpressionRevealView.swift */,
				F7HOMELO012F9E8D7C006EDD01 /* HomeLocationSetupView.swift */,
				F7LOCNOT012F9E8D7C006EDD01 /* LocationNotificationDemoMockup.swift */,
				F7ONVIDEO012F9E8D7C006EDD01 /* OnboardingLoopingVideoPlayer.swift */,
				ACA2C55AD17A0BBE19CE99AD /* OnboardingCoordinator.swift */,
				0E5716A41FBAB3167741473B /* PersonalityBuilderView.swift */,
				5DDE954FC301ECD9DB480C00 /* PhotoPickerView.swift */,
				F7WIDGET012F9E8D7C006EDD01 /* WidgetSetupView.swift */,
			);
			path = Onboarding;
			sourceTree = "<group>";
		};
		45DF90F334D64B93473BB379 /* Petmoji */ = {
			isa = PBXGroup;
			children = (
				588685D465B83BA971189708 /* App */,
				9D6FC2A83850FA516363FC12 /* Chat */,
				887A848EC3284EE734418A0C /* Fonts */,
				230CC9C6105ED920CEA58721 /* Models */,
				27A41F408E50E8ADAD314F80 /* Onboarding */,
				F7SIGN082F9E8D7C006EDD01 /* SignUp */,
				A82AA808A0B39377903C3298 /* Resources */,
				87003FA09D86DF4E181DA645 /* Services */,
				26FB5FFBE8B85089BE45B18F /* Widget */,
				4149E38C7C0F63F299C2604D /* Info.plist */,
				A0EE906FD9A6976FFE99CD77 /* Petmoji.entitlements */,
			);
			path = Petmoji;
			sourceTree = "<group>";
		};
		588685D465B83BA971189708 /* App */ = {
			isa = PBXGroup;
			children = (
				A1B2C3D32F9E8D7C006EDD01 /* AppearanceSettings.swift */,
				F7BRAND002F9E8D7C006EDD01 /* BrandLandingView.swift */,
				C9EFEE996E1C4B444F152178 /* ContentView.swift */,
				F7DEBUG002F9E8D7C006EDD01 /* DebugLaunchArgs.swift */,
				E367B57172A90687CF9B9982 /* DesignSystem.swift */,
				F7AEF0402F9D5A01006EDD07 /* MockUserSettings.swift */,
				BE4275124830FEE1D8B137A8 /* PetHomeView.swift */,
				D73DA20062A61BDF056EB316 /* PetmojiApp.swift */,
				D02CECE79D4F8ADD0DC8CA1B /* SettingsView.swift */,
			);
			path = App;
			sourceTree = "<group>";
		};
		736E176327920AC3F5FD8AD9 /* PetmojiWidget */ = {
			isa = PBXGroup;
			children = (
				2F719DC643756980426E8E8C /* Info.plist */,
				CEE58751CCD8E8C6589EE39C /* PetmojiWidget.entitlements */,
				5A15910A3F2DE89F9825DAF8 /* PetWidget.swift */,
				75B15C9F26B1590FEDD4031F /* PetWidgetEntryView.swift */,
				669896C69E8CFCACFFF8B2E1 /* PetWidgetProvider.swift */,
			);
			path = PetmojiWidget;
			sourceTree = "<group>";
		};
		87003FA09D86DF4E181DA645 /* Services */ = {
			isa = PBXGroup;
			children = (
				26DB63C95E1A7663528035EC /* ClaudeService.swift */,
				9844B5416F8DE38FCA025428 /* LocationService.swift */,
				F7BGONE002F9E8D7C006EDD01 /* BeenGoneBackgroundScheduler.swift */,
				F7DELIV002F9E8D7C006EDD01 /* PetMessageDelivery.swift */,
				B648FC808AC8BAEBB97A81A6 /* MessageScheduler.swift */,
				9C1681768AB9E46038876ECF /* SupabaseService.swift */,
				F7AEF0232F9D58E9006EDD07 /* ChatHistoryStore.swift */,
				F7ODFT002F9E8D7C006EDD01 /* OnboardingDraftStore.swift */,
				F7E8D901234567890ABCDEF /* WidgetSnapshotSync.swift */,
			);
			path = Services;
			sourceTree = "<group>";
		};
		887A848EC3284EE734418A0C /* Fonts */ = {
			isa = PBXGroup;
			children = (
			);
			path = Fonts;
			sourceTree = "<group>";
		};
		9D6FC2A83850FA516363FC12 /* Chat */ = {
			isa = PBXGroup;
			children = (
				2BB74AD025C1FF75210D44E4 /* ChatView.swift */,
			);
			path = Chat;
			sourceTree = "<group>";
		};
		A82AA808A0B39377903C3298 /* Resources */ = {
			isa = PBXGroup;
			children = (
				05D7681EDDDE782F2D2CA814 /* Assets.xcassets */,
				F7WIDGET0V12F9E8D7C006EDD01 /* WidgetScreenDemo.mov */,
			);
			path = Resources;
			sourceTree = "<group>";
		};
		B88E4E83CDFDFBBF177613F8 /* Products */ = {
			isa = PBXGroup;
			children = (
				E2C31EB3D182749A40DD6A1F /* Petmoji.app */,
				0BCC364089E9E0E371180AB5 /* PetmojiWidget.appex */,
			);
			name = Products;
			sourceTree = "<group>";
		};
		F4FEDEEB335DBE18275DCED6 = {
			isa = PBXGroup;
			children = (
				45DF90F334D64B93473BB379 /* Petmoji */,
				736E176327920AC3F5FD8AD9 /* PetmojiWidget */,
				B88E4E83CDFDFBBF177613F8 /* Products */,
				F7AEEFD12F9D451B006EDD07 /* tester_happy.png */,
				F7AEEFD32F9D4595006EDD07 /* tester_sleepy.png */,
				F7AEEFD52F9D459A006EDD07 /* tester_mad.png */,
				F7AEEFD72F9D459F006EDD07 /* tester_excited.png */,
				F7AEEFD92F9D45A5006EDD07 /* tester_misses_you.png */,
				F7AEEFDB2F9D45A8006EDD07 /* tester_judging.png */,
			);
			sourceTree = "<group>";
		};
		F7SIGN082F9E8D7C006EDD01 /* SignUp */ = {
			isa = PBXGroup;
			children = (
				F7SIGN002F9E8D7C006EDD01 /* SignUpCoordinator.swift */,
				F7SIGN032F9E8D7C006EDD01 /* SignUpDraft.swift */,
				F7SIGN072F9E8D7C006EDD01 /* SignUpStepView.swift */,
				F7OTP002F9E8D7C006EDD01 /* EmailOTPFieldView.swift */,
				F7AUTH002F9E8D7C006EDD01 /* AuthCoordinator.swift */,
				F7AUTH032F9E8D7C006EDD01 /* SignInView.swift */,
			);
			path = SignUp;
			sourceTree = "<group>";
		};
/* End PBXGroup section */

/* Begin PBXNativeTarget section */
		09EBCBC11E0D1906429B1811 /* Petmoji */ = {
			isa = PBXNativeTarget;
			buildConfigurationList = EF3A726CE76384B1574BADFE /* Build configuration list for PBXNativeTarget "Petmoji" */;
			buildPhases = (
				84CB7B6A3FC006D061308A20 /* Sources */,
				CCE87A1E3F6FBCA7DCF48C54 /* Resources */,
				6680AF45504FF35D4C18BA1B /* Frameworks */,
				F7E8D904234567890ABCDEF /* Embed Foundation Extensions */,
			);
			buildRules = (
			);
			dependencies = (
				044F4A0EC28DE2A1A7D80003 /* PBXTargetDependency */,
			);
			name = Petmoji;
			packageProductDependencies = (
				86C7DF1934A3B2403C541D2F /* Supabase */,
			);
			productName = Petmoji;
			productReference = E2C31EB3D182749A40DD6A1F /* Petmoji.app */;
			productType = "com.apple.product-type.application";
		};
		BB5C7035C352B62C40A61F3F /* PetmojiWidget */ = {
			isa = PBXNativeTarget;
			buildConfigurationList = B271730A2A482EE3B2F9EF21 /* Build configuration list for PBXNativeTarget "PetmojiWidget" */;
			buildPhases = (
				1BAFE3907590D81D190D1C63 /* Sources */,
				24288802E9A2DEF04C8D734F /* Frameworks */,
			);
			buildRules = (
			);
			dependencies = (
			);
			name = PetmojiWidget;
			packageProductDependencies = (
			);
			productName = PetmojiWidget;
			productReference = 0BCC364089E9E0E371180AB5 /* PetmojiWidget.appex */;
			productType = "com.apple.product-type.app-extension";
		};
/* End PBXNativeTarget section */

/* Begin PBXProject section */
		6544965FEAF9F83A0CDA28B6 /* Project object */ = {
			isa = PBXProject;
			attributes = {
				BuildIndependentTargetsInParallel = YES;
				LastUpgradeCheck = 1600;
			};
			buildConfigurationList = BD2BEB60E46BDB6E45B32046 /* Build configuration list for PBXProject "Petmoji" */;
			compatibilityVersion = "Xcode 14.0";
			developmentRegion = en;
			hasScannedForEncodings = 0;
			knownRegions = (
				Base,
				en,
			);
			mainGroup = F4FEDEEB335DBE18275DCED6;
			packageReferences = (
				A9FA533EDF0283438671DEA7 /* XCRemoteSwiftPackageReference "supabase-swift" */,
			);
			projectDirPath = "";
			projectRoot = "";
			targets = (
				09EBCBC11E0D1906429B1811 /* Petmoji */,
				BB5C7035C352B62C40A61F3F /* PetmojiWidget */,
			);
		};
/* End PBXProject section */

/* Begin PBXResourcesBuildPhase section */
		CCE87A1E3F6FBCA7DCF48C54 /* Resources */ = {
			isa = PBXResourcesBuildPhase;
			buildActionMask = 2147483647;
			files = (
				F7AEEFDC2F9D45A8006EDD07 /* tester_judging.png in Resources */,
				F7AEEFD42F9D4595006EDD07 /* tester_sleepy.png in Resources */,
				F7AEEFDA2F9D45A5006EDD07 /* tester_misses_you.png in Resources */,
				F7AEEFD82F9D459F006EDD07 /* tester_excited.png in Resources */,
				F7AEEFD22F9D451B006EDD07 /* tester_happy.png in Resources */,
				F7ADCDD068A9FBAA205F6A92 /* Assets.xcassets in Resources */,
				F7WIDGET0V22F9E8D7C006EDD01 /* WidgetScreenDemo.mov in Resources */,
				F7AEEFD62F9D459A006EDD07 /* tester_mad.png in Resources */,
			);
			runOnlyForDeploymentPostprocessing = 0;
		};
/* End PBXResourcesBuildPhase section */

/* Begin PBXSourcesBuildPhase section */
		1BAFE3907590D81D190D1C63 /* Sources */ = {
			isa = PBXSourcesBuildPhase;
			buildActionMask = 2147483647;
			files = (
				9F07B7062E4568E933AF2782 /* PetWidget.swift in Sources */,
				EFF5B90AECAEC78FD9950367 /* PetWidgetEntryView.swift in Sources */,
				7D312BA6B6A9B8BC85C1F901 /* PetWidgetProvider.swift in Sources */,
			);
			runOnlyForDeploymentPostprocessing = 0;
		};
		84CB7B6A3FC006D061308A20 /* Sources */ = {
			isa = PBXSourcesBuildPhase;
			buildActionMask = 2147483647;
			files = (
				F7AEF0242F9D58E9006EDD07 /* ChatHistoryStore.swift in Sources */,
				F7ODFT012F9E8D7C006EDD01 /* OnboardingDraftStore.swift in Sources */,
				A1B2C3D52F9E8D7C006EDD01 /* AppearanceSettings.swift in Sources */,
				DF1DBFC7F677BE13230E3B1D /* ChatView.swift in Sources */,
				C27BE570BDD95B90810F3FFF /* ClaudeService.swift in Sources */,
				DACC0F73BE1E01340A6A9DA3 /* ContentView.swift in Sources */,
				F7BRAND012F9E8D7C006EDD01 /* BrandLandingView.swift in Sources */,
				E74153BBCA1873B6C411ADC6 /* DesignSystem.swift in Sources */,
				F7AEF0412F9D5A01006EDD07 /* MockUserSettings.swift in Sources */,
				526CC3FE8A4289E7F59AE1CE /* ExpressionRevealView.swift in Sources */,
				F7HOMELO022F9E8D7C006EDD01 /* HomeLocationSetupView.swift in Sources */,
				F7LOCNOT022F9E8D7C006EDD01 /* LocationNotificationDemoMockup.swift in Sources */,
				F7ONVIDEO022F9E8D7C006EDD01 /* OnboardingLoopingVideoPlayer.swift in Sources */,
				ED2CAAD3DF80D855BC59D437 /* LocationService.swift in Sources */,
				F7BGONE012F9E8D7C006EDD01 /* BeenGoneBackgroundScheduler.swift in Sources */,
				F7DELIV012F9E8D7C006EDD01 /* PetMessageDelivery.swift in Sources */,
				EBCAA8C98D86B2BDF29F0DD7 /* MessageScheduler.swift in Sources */,
				1E4B9C810D7BF0E33A9BA04B /* OnboardingCoordinator.swift in Sources */,
				292F7496F3240B0562708EBF /* PersonalityBuilderView.swift in Sources */,
				78A053739147FE7EDE5153B9 /* Pet.swift in Sources */,
				8617F40FBB65DE442E7DD41E /* PetHomeView.swift in Sources */,
				9E547404C5B2A052DE973A3C /* PetMessage.swift in Sources */,
				F7PROF012F9E8D7C006EDD01 /* UserProfile.swift in Sources */,
				2AAE93AC1B00CF9E2DCD0995 /* PetmojiApp.swift in Sources */,
				F7DEBUG012F9E8D7C006EDD01 /* DebugLaunchArgs.swift in Sources */,
				8F5FFD67DE463FB07BBB57A1 /* PhotoPickerView.swift in Sources */,
				F7WIDGET022F9E8D7C006EDD01 /* WidgetSetupView.swift in Sources */,
				581FA577A3522618713A071D /* SettingsView.swift in Sources */,
				F7SIGN012F9E8D7C006EDD01 /* SignUpCoordinator.swift in Sources */,
				F7SIGN022F9E8D7C006EDD01 /* SignUpDraft.swift in Sources */,
				F7SIGN062F9E8D7C006EDD01 /* SignUpStepView.swift in Sources */,
				F7OTP012F9E8D7C006EDD01 /* EmailOTPFieldView.swift in Sources */,
				F7AUTH012F9E8D7C006EDD01 /* AuthCoordinator.swift in Sources */,
				F7AUTH022F9E8D7C006EDD01 /* SignInView.swift in Sources */,
				AB81F69F2C59C7BBBF520714 /* SupabaseService.swift in Sources */,
				F7E8D902234567890ABCDEF /* WidgetSnapshotSync.swift in Sources */,
			);
			runOnlyForDeploymentPostprocessing = 0;
		};
/* End PBXSourcesBuildPhase section */

/* Begin PBXTargetDependency section */
		044F4A0EC28DE2A1A7D80003 /* PBXTargetDependency */ = {
			isa = PBXTargetDependency;
			target = BB5C7035C352B62C40A61F3F /* PetmojiWidget */;
			targetProxy = 72CF2C2D23491FD621852281 /* PBXContainerItemProxy */;
		};
/* End PBXTargetDependency section */

/* Begin XCBuildConfiguration section */
		047F9FA3F125495028FC1756 /* Release */ = {
			isa = XCBuildConfiguration;
			buildSettings = {
				CODE_SIGN_ENTITLEMENTS = PetmojiWidget/PetmojiWidget.entitlements;
				CODE_SIGN_IDENTITY = "Apple Development";
				CODE_SIGN_STYLE = Automatic;
				CURRENT_PROJECT_VERSION = 3;
				DEVELOPMENT_TEAM = N8SACG5845;
				INFOPLIST_FILE = PetmojiWidget/Info.plist;
				LD_RUNPATH_SEARCH_PATHS = (
					"$(inherited)",
					"@executable_path/Frameworks",
					"@executable_path/../../Frameworks",
				);
				PRODUCT_BUNDLE_IDENTIFIER = com.hilollc.petmoji.app.widget;
				PROVISIONING_PROFILE_SPECIFIER = "";
				SDKROOT = iphoneos;
				TARGETED_DEVICE_FAMILY = "1,2";
			};
			name = Release;
		};
		05F5D8628EACDC15E4195770 /* Debug */ = {
			isa = XCBuildConfiguration;
			buildSettings = {
				CODE_SIGN_ENTITLEMENTS = PetmojiWidget/PetmojiWidget.entitlements;
				CURRENT_PROJECT_VERSION = 3;
				DEVELOPMENT_TEAM = N8SACG5845;
				INFOPLIST_FILE = PetmojiWidget/Info.plist;
				LD_RUNPATH_SEARCH_PATHS = (
					"$(inherited)",
					"@executable_path/Frameworks",
					"@executable_path/../../Frameworks",
				);
				PRODUCT_BUNDLE_IDENTIFIER = com.hilollcpetmoji.app.widget;
				SDKROOT = iphoneos;
				TARGETED_DEVICE_FAMILY = "1,2";
			};
			name = Debug;
		};
		76123E8B9D9BFA0F17556482 /* Debug */ = {
			isa = XCBuildConfiguration;
			buildSettings = {
				ASSETCATALOG_COMPILER_APPICON_NAME = AppIcon;
				ASSETCATALOG_COMPILER_INCLUDE_ALL_APPICON_ASSETS = YES;
				CODE_SIGN_ENTITLEMENTS = Petmoji/Petmoji.entitlements;
				CODE_SIGN_IDENTITY = "iPhone Developer";
				CURRENT_PROJECT_VERSION = 3;
				DEVELOPMENT_TEAM = N8SACG5845;
				INFOPLIST_FILE = Petmoji/Info.plist;
				LD_RUNPATH_SEARCH_PATHS = (
					"$(inherited)",
					"@executable_path/Frameworks",
				);
				PRODUCT_BUNDLE_IDENTIFIER = com.hilollcpetmoji.app;
				SDKROOT = iphoneos;
				SUPPORTED_PLATFORMS = "iphoneos iphonesimulator";
				SUPPORTS_MACCATALYST = NO;
				SUPPORTS_MAC_DESIGNED_FOR_IPHONE_IPAD = NO;
				SUPPORTS_XR_DESIGNED_FOR_IPHONE_IPAD = NO;
				TARGETED_DEVICE_FAMILY = 1;
			};
			name = Debug;
		};
		F506C064D8EA83528F63545B /* Debug */ = {
			isa = XCBuildConfiguration;
			buildSettings = {
				ALWAYS_SEARCH_USER_PATHS = NO;
				CLANG_ANALYZER_NONNULL = YES;
				CLANG_ANALYZER_NUMBER_OBJECT_CONVERSION = YES_AGGRESSIVE;
				CLANG_CXX_LANGUAGE_STANDARD = "gnu++14";
				CLANG_CXX_LIBRARY = "libc++";
				CLANG_ENABLE_MODULES = YES;
				CLANG_ENABLE_OBJC_ARC = YES;
				CLANG_ENABLE_OBJC_WEAK = YES;
				CLANG_WARN_BLOCK_CAPTURE_AUTORELEASING = YES;
				CLANG_WARN_BOOL_CONVERSION = YES;
				CLANG_WARN_COMMA = YES;
				CLANG_WARN_CONSTANT_CONVERSION = YES;
				CLANG_WARN_DEPRECATED_OBJC_IMPLEMENTATIONS = YES;
				CLANG_WARN_DIRECT_OBJC_ISA_USAGE = YES_ERROR;
				CLANG_WARN_DOCUMENTATION_COMMENTS = YES;
				CLANG_WARN_EMPTY_BODY = YES;
				CLANG_WARN_ENUM_CONVERSION = YES;
				CLANG_WARN_INFINITE_RECURSION = YES;
				CLANG_WARN_INT_CONVERSION = YES;
				CLANG_WARN_NON_LITERAL_NULL_CONVERSION = YES;
				CLANG_WARN_OBJC_IMPLICIT_RETAIN_SELF = YES;
				CLANG_WARN_OBJC_LITERAL_CONVERSION = YES;
				CLANG_WARN_OBJC_ROOT_CLASS = YES_ERROR;
				CLANG_WARN_QUOTED_INCLUDE_IN_FRAMEWORK_HEADER = YES;
				CLANG_WARN_RANGE_LOOP_ANALYSIS = YES;
				CLANG_WARN_STRICT_PROTOTYPES = YES;
				CLANG_WARN_SUSPICIOUS_MOVE = YES;
				CLANG_WARN_UNGUARDED_AVAILABILITY = YES_AGGRESSIVE;
				CLANG_WARN_UNREACHABLE_CODE = YES;
				CLANG_WARN__DUPLICATE_METHOD_MATCH = YES;
				COPY_PHASE_STRIP = NO;
				CURRENT_PROJECT_VERSION = 1;
				DEBUG_INFORMATION_FORMAT = dwarf;
				DEVELOPMENT_TEAM = "";
				ENABLE_STRICT_OBJC_MSGSEND = YES;
				ENABLE_TESTABILITY = YES;
				GCC_C_LANGUAGE_STANDARD = gnu11;
				GCC_DYNAMIC_NO_PIC = NO;
				GCC_NO_COMMON_BLOCKS = YES;
				GCC_OPTIMIZATION_LEVEL = 0;
				GCC_PREPROCESSOR_DEFINITIONS = (
					"$(inherited)",
					"DEBUG=1",
				);
				GCC_WARN_64_TO_32_BIT_CONVERSION = YES;
				GCC_WARN_ABOUT_RETURN_TYPE = YES_ERROR;
				GCC_WARN_UNDECLARED_SELECTOR = YES;
				GCC_WARN_UNINITIALIZED_AUTOS = YES_AGGRESSIVE;
				GCC_WARN_UNUSED_FUNCTION = YES;
				GCC_WARN_UNUSED_VARIABLE = YES;
				IPHONEOS_DEPLOYMENT_TARGET = 17.0;
				MARKETING_VERSION = 1.0;
				MTL_ENABLE_DEBUG_INFO = INCLUDE_SOURCE;
				MTL_FAST_MATH = YES;
				ONESIGNAL_APP_ID = "50232d9c-b355-4208-86ba-d36d7da3dee7";
				ONLY_ACTIVE_ARCH = YES;
				PRODUCT_NAME = "$(TARGET_NAME)";
				SDKROOT = iphoneos;
				SWIFT_ACTIVE_COMPILATION_CONDITIONS = DEBUG;
				SWIFT_OPTIMIZATION_LEVEL = "-Onone";
				SWIFT_VERSION = 6.0;
			};
			name = Debug;
		};
		F96C84341B25B0A31C863656 /* Release */ = {
			isa = XCBuildConfiguration;
			buildSettings = {
				ALWAYS_SEARCH_USER_PATHS = NO;
				CLANG_ANALYZER_NONNULL = YES;
				CLANG_ANALYZER_NUMBER_OBJECT_CONVERSION = YES_AGGRESSIVE;
				CLANG_CXX_LANGUAGE_STANDARD = "gnu++14";
				CLANG_CXX_LIBRARY = "libc++";
				CLANG_ENABLE_MODULES = YES;
				CLANG_ENABLE_OBJC_ARC = YES;
				CLANG_ENABLE_OBJC_WEAK = YES;
				CLANG_WARN_BLOCK_CAPTURE_AUTORELEASING = YES;
				CLANG_WARN_BOOL_CONVERSION = YES;
				CLANG_WARN_COMMA = YES;
				CLANG_WARN_CONSTANT_CONVERSION = YES;
				CLANG_WARN_DEPRECATED_OBJC_IMPLEMENTATIONS = YES;
				CLANG_WARN_DIRECT_OBJC_ISA_USAGE = YES_ERROR;
				CLANG_WARN_DOCUMENTATION_COMMENTS = YES;
				CLANG_WARN_EMPTY_BODY = YES;
				CLANG_WARN_ENUM_CONVERSION = YES;
				CLANG_WARN_INFINITE_RECURSION = YES;
				CLANG_WARN_INT_CONVERSION = YES;
				CLANG_WARN_NON_LITERAL_NULL_CONVERSION = YES;
				CLANG_WARN_OBJC_IMPLICIT_RETAIN_SELF = YES;
				CLANG_WARN_OBJC_LITERAL_CONVERSION = YES;
				CLANG_WARN_OBJC_ROOT_CLASS = YES_ERROR;
				CLANG_WARN_QUOTED_INCLUDE_IN_FRAMEWORK_HEADER = YES;
				CLANG_WARN_RANGE_LOOP_ANALYSIS = YES;
				CLANG_WARN_STRICT_PROTOTYPES = YES;
				CLANG_WARN_SUSPICIOUS_MOVE = YES;
				CLANG_WARN_UNGUARDED_AVAILABILITY = YES_AGGRESSIVE;
				CLANG_WARN_UNREACHABLE_CODE = YES;
				CLANG_WARN__DUPLICATE_METHOD_MATCH = YES;
				COPY_PHASE_STRIP = NO;
				CURRENT_PROJECT_VERSION = 1;
				DEBUG_INFORMATION_FORMAT = "dwarf-with-dsym";
				DEVELOPMENT_TEAM = "";
				ENABLE_NS_ASSERTIONS = NO;
				ENABLE_STRICT_OBJC_MSGSEND = YES;
				GCC_C_LANGUAGE_STANDARD = gnu11;
				GCC_NO_COMMON_BLOCKS = YES;
				GCC_WARN_64_TO_32_BIT_CONVERSION = YES;
				GCC_WARN_ABOUT_RETURN_TYPE = YES_ERROR;
				GCC_WARN_UNDECLARED_SELECTOR = YES;
				GCC_WARN_UNINITIALIZED_AUTOS = YES_AGGRESSIVE;
				GCC_WARN_UNUSED_FUNCTION = YES;
				GCC_WARN_UNUSED_VARIABLE = YES;
				IPHONEOS_DEPLOYMENT_TARGET = 17.0;
				MARKETING_VERSION = 1.0;
				MTL_ENABLE_DEBUG_INFO = NO;
				MTL_FAST_MATH = YES;
				ONESIGNAL_APP_ID = "50232d9c-b355-4208-86ba-d36d7da3dee7";
				PRODUCT_NAME = "$(TARGET_NAME)";
				SDKROOT = iphoneos;
				SWIFT_COMPILATION_MODE = wholemodule;
				SWIFT_OPTIMIZATION_LEVEL = "-O";
				SWIFT_VERSION = 6.0;
			};
			name = Release;
		};
		FE53F0F30326F38CB790A08D /* Release */ = {
			isa = XCBuildConfiguration;
			buildSettings = {
				ASSETCATALOG_COMPILER_APPICON_NAME = AppIcon;
				ASSETCATALOG_COMPILER_INCLUDE_ALL_APPICON_ASSETS = YES;
				CODE_SIGN_ENTITLEMENTS = Petmoji/Petmoji.entitlements;
				CODE_SIGN_IDENTITY = "Apple Development";
				CODE_SIGN_STYLE = Automatic;
				CURRENT_PROJECT_VERSION = 3;
				DEVELOPMENT_TEAM = N8SACG5845;
				INFOPLIST_FILE = Petmoji/Info.plist;
				LD_RUNPATH_SEARCH_PATHS = (
					"$(inherited)",
					"@executable_path/Frameworks",
				);
				PRODUCT_BUNDLE_IDENTIFIER = com.hilollc.petmoji.app;
				PROVISIONING_PROFILE_SPECIFIER = "";
				SDKROOT = iphoneos;
				SUPPORTED_PLATFORMS = "iphoneos iphonesimulator";
				SUPPORTS_MACCATALYST = NO;
				SUPPORTS_MAC_DESIGNED_FOR_IPHONE_IPAD = NO;
				SUPPORTS_XR_DESIGNED_FOR_IPHONE_IPAD = NO;
				TARGETED_DEVICE_FAMILY = 1;
			};
			name = Release;
		};
/* End XCBuildConfiguration section */

/* Begin XCConfigurationList section */
		B271730A2A482EE3B2F9EF21 /* Build configuration list for PBXNativeTarget "PetmojiWidget" */ = {
			isa = XCConfigurationList;
			buildConfigurations = (
				05F5D8628EACDC15E4195770 /* Debug */,
				047F9FA3F125495028FC1756 /* Release */,
			);
			defaultConfigurationIsVisible = 0;
			defaultConfigurationName = Debug;
		};
		BD2BEB60E46BDB6E45B32046 /* Build configuration list for PBXProject "Petmoji" */ = {
			isa = XCConfigurationList;
			buildConfigurations = (
				F506C064D8EA83528F63545B /* Debug */,
				F96C84341B25B0A31C863656 /* Release */,
			);
			defaultConfigurationIsVisible = 0;
			defaultConfigurationName = Debug;
		};
		EF3A726CE76384B1574BADFE /* Build configuration list for PBXNativeTarget "Petmoji" */ = {
			isa = XCConfigurationList;
			buildConfigurations = (
				76123E8B9D9BFA0F17556482 /* Debug */,
				FE53F0F30326F38CB790A08D /* Release */,
			);
			defaultConfigurationIsVisible = 0;
			defaultConfigurationName = Debug;
		};
/* End XCConfigurationList section */

/* Begin XCRemoteSwiftPackageReference section */
		A9FA533EDF0283438671DEA7 /* XCRemoteSwiftPackageReference "supabase-swift" */ = {
			isa = XCRemoteSwiftPackageReference;
			repositoryURL = "https://github.com/supabase/supabase-swift";
			requirement = {
				kind = upToNextMajorVersion;
				minimumVersion = 2.0.0;
			};
		};
/* End XCRemoteSwiftPackageReference section */

/* Begin XCSwiftPackageProductDependency section */
		86C7DF1934A3B2403C541D2F /* Supabase */ = {
			isa = XCSwiftPackageProductDependency;
			package = A9FA533EDF0283438671DEA7 /* XCRemoteSwiftPackageReference "supabase-swift" */;
			productName = Supabase;
		};
/* End XCSwiftPackageProductDependency section */
	};
	rootObject = 6544965FEAF9F83A0CDA28B6 /* Project object */;
}
